
Microsoft Visual Studio Solution File, Format Version 12.00
# Visual Studio Version 17
VisualStudioVersion = 17.14.36518.9 d17.14
MinimumVisualStudioVersion = 10.0.40219.1
Project("{FAE04EC0-301F-11D3-BF4B-00C04F79EFBC}") = "лаба4", "лаба4\лаба4.csproj", "{A716AD44-439B-423C-A0F6-00A469B40263}"
EndProject
Global
	GlobalSection(SolutionConfigurationPlatforms) = preSolution
		Debug|Any CPU = Debug|Any CPU
		Release|Any CPU = Release|Any CPU
	EndGlobalSection
	GlobalSection(ProjectConfigurationPlatforms) = postSolution
		{A716AD44-439B-423C-A0F6-00A469B40263}.Debug|Any CPU.ActiveCfg = Debug|Any CPU
		{A716AD44-439B-423C-A0F6-00A469B40263}.Debug|Any CPU.Build.0 = Debug|Any CPU
		{A716AD44-439B-423C-A0F6-00A469B40263}.Release|Any CPU.ActiveCfg = Release|Any CPU
		{A716AD44-439B-423C-A0F6-00A469B40263}.Release|Any CPU.Build.0 = Release|Any CPU
	EndGlobalSection
	GlobalSection(SolutionProperties) = preSolution
		HideSolutionNode = FALSE
	EndGlobalSection
	GlobalSection(ExtensibilityGlobals) = postSolution
		SolutionGuid = {4169253A-7F87-4B58-84BA-F45A1A53CC7B}
	EndGlobalSection
EndGlobal
